
Microsoft Visual Studio Solution File, Format Version 12.00
# Visual Studio Version 17
VisualStudioVersion = 17.5.33530.505
MinimumVisualStudioVersion = 10.0.40219.1
Project("{FAE04EC0-301F-11D3-BF4B-00C04F79EFBC}") = "Entity JSON Config using MVVM", "Entity JSON Config using MVVM\Entity JSON Config using MVVM.csproj", "{BAE81D27-5760-45C4-A24C-495806E63CE8}"
EndProject
Global
	GlobalSection(SolutionConfigurationPlatforms) = preSolution
		Debug|Any CPU = Debug|Any CPU
		Release|Any CPU = Release|Any CPU
	EndGlobalSection
	GlobalSection(ProjectConfigurationPlatforms) = postSolution
		{BAE81D27-5760-45C4-A24C-495806E63CE8}.Debug|Any CPU.ActiveCfg = Debug|Any CPU
		{BAE81D27-5760-45C4-A24C-495806E63CE8}.Debug|Any CPU.Build.0 = Debug|Any CPU
		{BAE81D27-5760-45C4-A24C-495806E63CE8}.Release|Any CPU.ActiveCfg = Release|Any CPU
		{BAE81D27-5760-45C4-A24C-495806E63CE8}.Release|Any CPU.Build.0 = Release|Any CPU
	EndGlobalSection
	GlobalSection(SolutionProperties) = preSolution
		HideSolutionNode = FALSE
	EndGlobalSection
	GlobalSection(ExtensibilityGlobals) = postSolution
		SolutionGuid = {1C154249-B04A-4368-B20B-126DC7BA3555}
	EndGlobalSection
EndGlobal
